
Microsoft Visual Studio Solution File, Format Version 12.00
# Visual Studio 15
Project("{FAE04EC0-301F-11D3-BF4B-00C04F79EFBC}") = "ANTLRStudio", "ANTLRStudio\ANTLRStudio.csproj", "{7DC9BD30-F005-47A2-ABF7-164696C070D5}"
EndProject
Project("{FAE04EC0-301F-11D3-BF4B-00C04F79EFBC}") = "AvaloniaEdit", "AvaloniaEdit-master\src\AvaloniaEdit\AvaloniaEdit.csproj", "{AB6A9D54-15FA-49C4-877F-E8245F6A51DC}"
EndProject
Project("{FAE04EC0-301F-11D3-BF4B-00C04F79EFBC}") = "AvaloniaEdit.Tests", "AvaloniaEdit-master\test\AvaloniaEdit.Tests\AvaloniaEdit.Tests.csproj", "{2C11CEED-1FC4-4E6C-A8A2-87486406CFCA}"
EndProject
Project("{FAE04EC0-301F-11D3-BF4B-00C04F79EFBC}") = "ANTLRStudio.Parser", "ANTLRStudio.Parser\ANTLRStudio.Parser.csproj", "{0C0E67D1-0016-4974-A58C-C28CBE1D4EFF}"
EndProject
Global
	GlobalSection(SolutionConfigurationPlatforms) = preSolution
		Debug|Any CPU = Debug|Any CPU
		Release|Any CPU = Release|Any CPU
	EndGlobalSection
	GlobalSection(ProjectConfigurationPlatforms) = postSolution
		{7DC9BD30-F005-47A2-ABF7-164696C070D5}.Debug|Any CPU.ActiveCfg = Debug|Any CPU
		{7DC9BD30-F005-47A2-ABF7-164696C070D5}.Debug|Any CPU.Build.0 = Debug|Any CPU
		{7DC9BD30-F005-47A2-ABF7-164696C070D5}.Release|Any CPU.ActiveCfg = Release|Any CPU
		{7DC9BD30-F005-47A2-ABF7-164696C070D5}.Release|Any CPU.Build.0 = Release|Any CPU
		{AB6A9D54-15FA-49C4-877F-E8245F6A51DC}.Debug|Any CPU.ActiveCfg = Debug|Any CPU
		{AB6A9D54-15FA-49C4-877F-E8245F6A51DC}.Debug|Any CPU.Build.0 = Debug|Any CPU
		{AB6A9D54-15FA-49C4-877F-E8245F6A51DC}.Release|Any CPU.ActiveCfg = Release|Any CPU
		{AB6A9D54-15FA-49C4-877F-E8245F6A51DC}.Release|Any CPU.Build.0 = Release|Any CPU
		{2C11CEED-1FC4-4E6C-A8A2-87486406CFCA}.Debug|Any CPU.ActiveCfg = Debug|Any CPU
		{2C11CEED-1FC4-4E6C-A8A2-87486406CFCA}.Debug|Any CPU.Build.0 = Debug|Any CPU
		{2C11CEED-1FC4-4E6C-A8A2-87486406CFCA}.Release|Any CPU.ActiveCfg = Release|Any CPU
		{2C11CEED-1FC4-4E6C-A8A2-87486406CFCA}.Release|Any CPU.Build.0 = Release|Any CPU
		{0C0E67D1-0016-4974-A58C-C28CBE1D4EFF}.Debug|Any CPU.ActiveCfg = Debug|Any CPU
		{0C0E67D1-0016-4974-A58C-C28CBE1D4EFF}.Debug|Any CPU.Build.0 = Debug|Any CPU
		{0C0E67D1-0016-4974-A58C-C28CBE1D4EFF}.Release|Any CPU.ActiveCfg = Release|Any CPU
		{0C0E67D1-0016-4974-A58C-C28CBE1D4EFF}.Release|Any CPU.Build.0 = Release|Any CPU
	EndGlobalSection
EndGlobal
